// !$*UTF8*$!
{
	archiveVersion = 1;
	classes = {
	};
	objectVersion = 56;
	objects = {

/* Begin PBXBuildFile section */
		302C8E3C2B6E70AA002A2E8A /* Assets.xcassets in Resources */ = {isa = PBXBuildFile; fileRef = 302C8E3B2B6E70AA002A2E8A /* Assets.xcassets */; };
		302C8E472B6E70EA002A2E8A /* main.cpp in Sources */ = {isa = PBXBuildFile; fileRef = 302C8E462B6E70EA002A2E8A /* main.cpp */; };
		302C8E5E2B6FADEF002A2E8A /* sound-maker.cpp in Sources */ = {isa = PBXBuildFile; fileRef = 302C8E5C2B6FADEF002A2E8A /* sound-maker.cpp */; };
		309406D22B77A40E00BD6B4C /* SDL2.framework in Frameworks */ = {isa = PBXBuildFile; fileRef = 302C8E492B6E7158002A2E8A /* SDL2.framework */; };
		309406D32B77A40E00BD6B4C /* SDL2.framework in Embed Frameworks */ = {isa = PBXBuildFile; fileRef = 302C8E492B6E7158002A2E8A /* SDL2.framework */; settings = {ATTRIBUTES = (CodeSignOnCopy, RemoveHeadersOnCopy, ); }; };
		309406D52B77A41B00BD6B4C /* SDL2_ttf.framework in Frameworks */ = {isa = PBXBuildFile; fileRef = 304303282B739F0D006213AD /* SDL2_ttf.framework */; };
		309406D62B77A41B00BD6B4C /* SDL2_ttf.framework in Embed Frameworks */ = {isa = PBXBuildFile; fileRef = 304303282B739F0D006213AD /* SDL2_ttf.framework */; settings = {ATTRIBUTES = (CodeSignOnCopy, RemoveHeadersOnCopy, ); }; };
		309406D72B77A50B00BD6B4C /* ComicNeue-Regular.ttf in Resources */ = {isa = PBXBuildFile; fileRef = 302C8E532B6E790A002A2E8A /* ComicNeue-Regular.ttf */; };
/* End PBXBuildFile section */

/* Begin PBXCopyFilesBuildPhase section */
		309406D42B77A40E00BD6B4C /* Embed Frameworks */ = {
			isa = PBXCopyFilesBuildPhase;
			buildActionMask = 2147483647;
			dstPath = "";
			dstSubfolderSpec = 10;
			files = (
				309406D62B77A41B00BD6B4C /* SDL2_ttf.framework in Embed Frameworks */,
				309406D32B77A40E00BD6B4C /* SDL2.framework in Embed Frameworks */,
			);
			name = "Embed Frameworks";
			runOnlyForDeploymentPostprocessing = 0;
		};
/* End PBXCopyFilesBuildPhase section */

/* Begin PBXFileReference section */
		302C8E342B6E70A8002A2E8A /* sound-maker.app */ = {isa = PBXFileReference; explicitFileType = wrapper.application; includeInIndex = 0; path = "sound-maker.app"; sourceTree = BUILT_PRODUCTS_DIR; };
		302C8E3B2B6E70AA002A2E8A /* Assets.xcassets */ = {isa = PBXFileReference; lastKnownFileType = folder.assetcatalog; path = Assets.xcassets; sourceTree = "<group>"; };
		302C8E3D2B6E70AA002A2E8A /* sound_maker.entitlements */ = {isa = PBXFileReference; lastKnownFileType = text.plist.entitlements; path = sound_maker.entitlements; sourceTree = "<group>"; };
		302C8E462B6E70EA002A2E8A /* main.cpp */ = {isa = PBXFileReference; lastKnownFileType = sourcecode.cpp.cpp; path = main.cpp; sourceTree = "<group>"; };
		302C8E492B6E7158002A2E8A /* SDL2.framework */ = {isa = PBXFileReference; lastKnownFileType = wrapper.framework; name = SDL2.framework; path = ../../../../../Library/Frameworks/SDL2.framework; sourceTree = "<group>"; };
		302C8E512B6E790A002A2E8A /* ComicNeue-LightItalic.ttf */ = {isa = PBXFileReference; lastKnownFileType = file; path = "ComicNeue-LightItalic.ttf"; sourceTree = "<group>"; };
		302C8E522B6E790A002A2E8A /* ComicNeue-Light.ttf */ = {isa = PBXFileReference; lastKnownFileType = file; path = "ComicNeue-Light.ttf"; sourceTree = "<group>"; };
		302C8E532B6E790A002A2E8A /* ComicNeue-Regular.ttf */ = {isa = PBXFileReference; lastKnownFileType = file; path = "ComicNeue-Regular.ttf"; sourceTree = "<group>"; };
		302C8E542B6E790A002A2E8A /* ComicNeue-Italic.ttf */ = {isa = PBXFileReference; lastKnownFileType = file; path = "ComicNeue-Italic.ttf"; sourceTree = "<group>"; };
		302C8E552B6E790A002A2E8A /* ComicNeue-BoldItalic.ttf */ = {isa = PBXFileReference; lastKnownFileType = file; path = "ComicNeue-BoldItalic.ttf"; sourceTree = "<group>"; };
		302C8E562B6E790A002A2E8A /* ComicNeue-Bold.ttf */ = {isa = PBXFileReference; lastKnownFileType = file; path = "ComicNeue-Bold.ttf"; sourceTree = "<group>"; };
		302C8E5C2B6FADEF002A2E8A /* sound-maker.cpp */ = {isa = PBXFileReference; lastKnownFileType = sourcecode.cpp.cpp; path = "sound-maker.cpp"; sourceTree = "<group>"; };
		302C8E5D2B6FADEF002A2E8A /* sound-maker.hpp */ = {isa = PBXFileReference; lastKnownFileType = sourcecode.cpp.h; path = "sound-maker.hpp"; sourceTree = "<group>"; };
		304303242B731A76006213AD /* Headers */ = {isa = PBXFileReference; lastKnownFileType = folder; name = Headers; path = ../../../../../Library/Frameworks/SDL2_ttf.framework/Versions/A/Headers; sourceTree = "<group>"; };
		304303282B739F0D006213AD /* SDL2_ttf.framework */ = {isa = PBXFileReference; lastKnownFileType = wrapper.framework; name = SDL2_ttf.framework; path = ../../../../../Library/Frameworks/SDL2_ttf.framework; sourceTree = "<group>"; };
/* End PBXFileReference section */

/* Begin PBXFrameworksBuildPhase section */
		302C8E312B6E70A8002A2E8A /* Frameworks */ = {
			isa = PBXFrameworksBuildPhase;
			buildActionMask = 2147483647;
			files = (
				309406D52B77A41B00BD6B4C /* SDL2_ttf.framework in Frameworks */,
				309406D22B77A40E00BD6B4C /* SDL2.framework in Frameworks */,
			);
			runOnlyForDeploymentPostprocessing = 0;
		};
/* End PBXFrameworksBuildPhase section */

/* Begin PBXGroup section */
		302C8E2B2B6E70A8002A2E8A = {
			isa = PBXGroup;
			children = (
				302C8E362B6E70A8002A2E8A /* sound-maker */,
				302C8E352B6E70A8002A2E8A /* Products */,
				302C8E482B6E7158002A2E8A /* Frameworks */,
			);
			sourceTree = "<group>";
		};
		302C8E352B6E70A8002A2E8A /* Products */ = {
			isa = PBXGroup;
			children = (
				302C8E342B6E70A8002A2E8A /* sound-maker.app */,
			);
			name = Products;
			sourceTree = "<group>";
		};
		302C8E362B6E70A8002A2E8A /* sound-maker */ = {
			isa = PBXGroup;
			children = (
				302C8E502B6E78AA002A2E8A /* fonts */,
				302C8E3B2B6E70AA002A2E8A /* Assets.xcassets */,
				302C8E3D2B6E70AA002A2E8A /* sound_maker.entitlements */,
				302C8E532B6E790A002A2E8A /* ComicNeue-Regular.ttf */,
				302C8E462B6E70EA002A2E8A /* main.cpp */,
				302C8E5C2B6FADEF002A2E8A /* sound-maker.cpp */,
				302C8E5D2B6FADEF002A2E8A /* sound-maker.hpp */,
			);
			path = "sound-maker";
			sourceTree = "<group>";
		};
		302C8E482B6E7158002A2E8A /* Frameworks */ = {
			isa = PBXGroup;
			children = (
				304303242B731A76006213AD /* Headers */,
				304303282B739F0D006213AD /* SDL2_ttf.framework */,
				302C8E492B6E7158002A2E8A /* SDL2.framework */,
			);
			name = Frameworks;
			sourceTree = "<group>";
		};
		302C8E502B6E78AA002A2E8A /* fonts */ = {
			isa = PBXGroup;
			children = (
				302C8E562B6E790A002A2E8A /* ComicNeue-Bold.ttf */,
				302C8E552B6E790A002A2E8A /* ComicNeue-BoldItalic.ttf */,
				302C8E542B6E790A002A2E8A /* ComicNeue-Italic.ttf */,
				302C8E522B6E790A002A2E8A /* ComicNeue-Light.ttf */,
				302C8E512B6E790A002A2E8A /* ComicNeue-LightItalic.ttf */,
			);
			path = fonts;
			sourceTree = "<group>";
		};
/* End PBXGroup section */

/* Begin PBXNativeTarget section */
		302C8E332B6E70A8002A2E8A /* sound-maker */ = {
			isa = PBXNativeTarget;
			buildConfigurationList = 302C8E432B6E70AA002A2E8A /* Build configuration list for PBXNativeTarget "sound-maker" */;
			buildPhases = (
				302C8E302B6E70A8002A2E8A /* Sources */,
				302C8E312B6E70A8002A2E8A /* Frameworks */,
				302C8E322B6E70A8002A2E8A /* Resources */,
				309406D42B77A40E00BD6B4C /* Embed Frameworks */,
			);
			buildRules = (
			);
			dependencies = (
			);
			name = "sound-maker";
			productName = "sound-maker";
			productReference = 302C8E342B6E70A8002A2E8A /* sound-maker.app */;
			productType = "com.apple.product-type.application";
		};
/* End PBXNativeTarget section */

/* Begin PBXProject section */
		302C8E2C2B6E70A8002A2E8A /* Project object */ = {
			isa = PBXProject;
			attributes = {
				BuildIndependentTargetsInParallel = 1;
				LastSwiftUpdateCheck = 1520;
				LastUpgradeCheck = 1520;
				TargetAttributes = {
					302C8E332B6E70A8002A2E8A = {
						CreatedOnToolsVersion = 15.2;
					};
				};
			};
			buildConfigurationList = 302C8E2F2B6E70A8002A2E8A /* Build configuration list for PBXProject "sound-maker" */;
			compatibilityVersion = "Xcode 14.0";
			developmentRegion = en;
			hasScannedForEncodings = 0;
			knownRegions = (
				en,
				Base,
			);
			mainGroup = 302C8E2B2B6E70A8002A2E8A;
			productRefGroup = 302C8E352B6E70A8002A2E8A /* Products */;
			projectDirPath = "";
			projectRoot = "";
			targets = (
				302C8E332B6E70A8002A2E8A /* sound-maker */,
			);
		};
/* End PBXProject section */

/* Begin PBXResourcesBuildPhase section */
		302C8E322B6E70A8002A2E8A /* Resources */ = {
			isa = PBXResourcesBuildPhase;
			buildActionMask = 2147483647;
			files = (
				309406D72B77A50B00BD6B4C /* ComicNeue-Regular.ttf in Resources */,
				302C8E3C2B6E70AA002A2E8A /* Assets.xcassets in Resources */,
			);
			runOnlyForDeploymentPostprocessing = 0;
		};
/* End PBXResourcesBuildPhase section */

/* Begin PBXSourcesBuildPhase section */
		302C8E302B6E70A8002A2E8A /* Sources */ = {
			isa = PBXSourcesBuildPhase;
			buildActionMask = 2147483647;
			files = (
				302C8E5E2B6FADEF002A2E8A /* sound-maker.cpp in Sources */,
				302C8E472B6E70EA002A2E8A /* main.cpp in Sources */,
			);
			runOnlyForDeploymentPostprocessing = 0;
		};
/* End PBXSourcesBuildPhase section */

/* Begin XCBuildConfiguration section */
		302C8E412B6E70AA002A2E8A /* Debug */ = {
			isa = XCBuildConfiguration;
			buildSettings = {
				ALWAYS_SEARCH_USER_PATHS = NO;
				ASSETCATALOG_COMPILER_GENERATE_SWIFT_ASSET_SYMBOL_EXTENSIONS = YES;
				CLANG_ANALYZER_NONNULL = YES;
				CLANG_ANALYZER_NUMBER_OBJECT_CONVERSION = YES_AGGRESSIVE;
				CLANG_CXX_LANGUAGE_STANDARD = "gnu++20";
				CLANG_ENABLE_MODULES = YES;
				CLANG_ENABLE_OBJC_ARC = YES;
				CLANG_ENABLE_OBJC_WEAK = YES;
				CLANG_WARN_BLOCK_CAPTURE_AUTORELEASING = YES;
				CLANG_WARN_BOOL_CONVERSION = YES;
				CLANG_WARN_COMMA = YES;
				CLANG_WARN_CONSTANT_CONVERSION = YES;
				CLANG_WARN_DEPRECATED_OBJC_IMPLEMENTATIONS = YES;
				CLANG_WARN_DIRECT_OBJC_ISA_USAGE = YES_ERROR;
				CLANG_WARN_DOCUMENTATION_COMMENTS = YES;
				CLANG_WARN_EMPTY_BODY = YES;
				CLANG_WARN_ENUM_CONVERSION = YES;
				CLANG_WARN_INFINITE_RECURSION = YES;
				CLANG_WARN_INT_CONVERSION = YES;
				CLANG_WARN_NON_LITERAL_NULL_CONVERSION = YES;
				CLANG_WARN_OBJC_IMPLICIT_RETAIN_SELF = YES;
				CLANG_WARN_OBJC_LITERAL_CONVERSION = YES;
				CLANG_WARN_OBJC_ROOT_CLASS = YES_ERROR;
				CLANG_WARN_QUOTED_INCLUDE_IN_FRAMEWORK_HEADER = YES;
				CLANG_WARN_RANGE_LOOP_ANALYSIS = YES;
				CLANG_WARN_STRICT_PROTOTYPES = YES;
				CLANG_WARN_SUSPICIOUS_MOVE = YES;
				CLANG_WARN_UNGUARDED_AVAILABILITY = YES_AGGRESSIVE;
				CLANG_WARN_UNREACHABLE_CODE = YES;
				CLANG_WARN__DUPLICATE_METHOD_MATCH = YES;
				COPY_PHASE_STRIP = NO;
				DEBUG_INFORMATION_FORMAT = dwarf;
				ENABLE_STRICT_OBJC_MSGSEND = YES;
				ENABLE_TESTABILITY = YES;
				ENABLE_USER_SCRIPT_SANDBOXING = YES;
				GCC_C_LANGUAGE_STANDARD = gnu17;
				GCC_DYNAMIC_NO_PIC = NO;
				GCC_NO_COMMON_BLOCKS = YES;
				GCC_OPTIMIZATION_LEVEL = 0;
				GCC_PREPROCESSOR_DEFINITIONS = (
					"DEBUG=1",
					"$(inherited)",
				);
				GCC_WARN_64_TO_32_BIT_CONVERSION = YES;
				GCC_WARN_ABOUT_RETURN_TYPE = YES_ERROR;
				GCC_WARN_UNDECLARED_SELECTOR = YES;
				GCC_WARN_UNINITIALIZED_AUTOS = YES_AGGRESSIVE;
				GCC_WARN_UNUSED_FUNCTION = YES;
				GCC_WARN_UNUSED_VARIABLE = YES;
				LOCALIZATION_PREFERS_STRING_CATALOGS = YES;
				MTL_ENABLE_DEBUG_INFO = INCLUDE_SOURCE;
				MTL_FAST_MATH = YES;
				ONLY_ACTIVE_ARCH = YES;
				SWIFT_ACTIVE_COMPILATION_CONDITIONS = "DEBUG $(inherited)";
				SWIFT_OPTIMIZATION_LEVEL = "-Onone";
			};
			name = Debug;
		};
		302C8E422B6E70AA002A2E8A /* Release */ = {
			isa = XCBuildConfiguration;
			buildSettings = {
				ALWAYS_SEARCH_USER_PATHS = NO;
				ASSETCATALOG_COMPILER_GENERATE_SWIFT_ASSET_SYMBOL_EXTENSIONS = YES;
				CLANG_ANALYZER_NONNULL = YES;
				CLANG_ANALYZER_NUMBER_OBJECT_CONVERSION = YES_AGGRESSIVE;
				CLANG_CXX_LANGUAGE_STANDARD = "gnu++20";
				CLANG_ENABLE_MODULES = YES;
				CLANG_ENABLE_OBJC_ARC = YES;
				CLANG_ENABLE_OBJC_WEAK = YES;
				CLANG_WARN_BLOCK_CAPTURE_AUTORELEASING = YES;
				CLANG_WARN_BOOL_CONVERSION = YES;
				CLANG_WARN_COMMA = YES;
				CLANG_WARN_CONSTANT_CONVERSION = YES;
				CLANG_WARN_DEPRECATED_OBJC_IMPLEMENTATIONS = YES;
				CLANG_WARN_DIRECT_OBJC_ISA_USAGE = YES_ERROR;
				CLANG_WARN_DOCUMENTATION_COMMENTS = YES;
				CLANG_WARN_EMPTY_BODY = YES;
				CLANG_WARN_ENUM_CONVERSION = YES;
				CLANG_WARN_INFINITE_RECURSION = YES;
				CLANG_WARN_INT_CONVERSION = YES;
				CLANG_WARN_NON_LITERAL_NULL_CONVERSION = YES;
				CLANG_WARN_OBJC_IMPLICIT_RETAIN_SELF = YES;
				CLANG_WARN_OBJC_LITERAL_CONVERSION = YES;
				CLANG_WARN_OBJC_ROOT_CLASS = YES_ERROR;
				CLANG_WARN_QUOTED_INCLUDE_IN_FRAMEWORK_HEADER = YES;
				CLANG_WARN_RANGE_LOOP_ANALYSIS = YES;
				CLANG_WARN_STRICT_PROTOTYPES = YES;
				CLANG_WARN_SUSPICIOUS_MOVE = YES;
				CLANG_WARN_UNGUARDED_AVAILABILITY = YES_AGGRESSIVE;
				CLANG_WARN_UNREACHABLE_CODE = YES;
				CLANG_WARN__DUPLICATE_METHOD_MATCH = YES;
				COPY_PHASE_STRIP = NO;
				DEBUG_INFORMATION_FORMAT = "dwarf-with-dsym";
				ENABLE_NS_ASSERTIONS = NO;
				ENABLE_STRICT_OBJC_MSGSEND = YES;
				ENABLE_USER_SCRIPT_SANDBOXING = YES;
				GCC_C_LANGUAGE_STANDARD = gnu17;
				GCC_NO_COMMON_BLOCKS = YES;
				GCC_WARN_64_TO_32_BIT_CONVERSION = YES;
				GCC_WARN_ABOUT_RETURN_TYPE = YES_ERROR;
				GCC_WARN_UNDECLARED_SELECTOR = YES;
				GCC_WARN_UNINITIALIZED_AUTOS = YES_AGGRESSIVE;
				GCC_WARN_UNUSED_FUNCTION = YES;
				GCC_WARN_UNUSED_VARIABLE = YES;
				LOCALIZATION_PREFERS_STRING_CATALOGS = YES;
				MTL_ENABLE_DEBUG_INFO = NO;
				MTL_FAST_MATH = YES;
				SWIFT_COMPILATION_MODE = wholemodule;
			};
			name = Release;
		};
		302C8E442B6E70AA002A2E8A /* Debug */ = {
			isa = XCBuildConfiguration;
			buildSettings = {
				ASSETCATALOG_COMPILER_APPICON_NAME = AppIcon;
				ASSETCATALOG_COMPILER_GLOBAL_ACCENT_COLOR_NAME = AccentColor;
				CODE_SIGN_ENTITLEMENTS = "sound-maker/sound_maker.entitlements";
				CODE_SIGN_STYLE = Automatic;
				CURRENT_PROJECT_VERSION = 1;
				DEVELOPMENT_ASSET_PATHS = "";
				DEVELOPMENT_TEAM = 6FX5SAB99Z;
				ENABLE_HARDENED_RUNTIME = YES;
				"ENABLE_HARDENED_RUNTIME[sdk=macosx*]" = YES;
				ENABLE_PREVIEWS = YES;
				FRAMEWORK_SEARCH_PATHS = (
					"$(inherited)",
					"$(LOCAL_LIBRARY_DIR)/Frameworks",
				);
				GENERATE_INFOPLIST_FILE = YES;
				"INFOPLIST_KEY_UIApplicationSceneManifest_Generation[sdk=iphoneos*]" = YES;
				"INFOPLIST_KEY_UIApplicationSceneManifest_Generation[sdk=iphonesimulator*]" = YES;
				"INFOPLIST_KEY_UIApplicationSupportsIndirectInputEvents[sdk=iphoneos*]" = YES;
				"INFOPLIST_KEY_UIApplicationSupportsIndirectInputEvents[sdk=iphonesimulator*]" = YES;
				"INFOPLIST_KEY_UILaunchScreen_Generation[sdk=iphoneos*]" = YES;
				"INFOPLIST_KEY_UILaunchScreen_Generation[sdk=iphonesimulator*]" = YES;
				"INFOPLIST_KEY_UIStatusBarStyle[sdk=iphoneos*]" = UIStatusBarStyleDefault;
				"INFOPLIST_KEY_UIStatusBarStyle[sdk=iphonesimulator*]" = UIStatusBarStyleDefault;
				INFOPLIST_KEY_UISupportedInterfaceOrientations_iPad = "UIInterfaceOrientationPortrait UIInterfaceOrientationPortraitUpsideDown UIInterfaceOrientationLandscapeLeft UIInterfaceOrientationLandscapeRight";
				INFOPLIST_KEY_UISupportedInterfaceOrientations_iPhone = "UIInterfaceOrientationPortrait UIInterfaceOrientationLandscapeLeft UIInterfaceOrientationLandscapeRight";
				IPHONEOS_DEPLOYMENT_TARGET = 17.2;
				LD_RUNPATH_SEARCH_PATHS = "@executable_path/Frameworks";
				"LD_RUNPATH_SEARCH_PATHS[sdk=macosx*]" = "@executable_path/../Frameworks";
				MACOSX_DEPLOYMENT_TARGET = 14.2;
				MARKETING_VERSION = 1.0;
				OTHER_CODE_SIGN_FLAGS = "--deep";
				OTHER_LDFLAGS = "";
				PRODUCT_BUNDLE_IDENTIFIER = "jdnkusuma.sound-maker";
				PRODUCT_NAME = "$(TARGET_NAME)";
				SDKROOT = auto;
				SUPPORTED_PLATFORMS = "iphoneos iphonesimulator macosx";
				SWIFT_EMIT_LOC_STRINGS = YES;
				SWIFT_VERSION = 5.0;
				TARGETED_DEVICE_FAMILY = "1,2";
			};
			name = Debug;
		};
		302C8E452B6E70AA002A2E8A /* Release */ = {
			isa = XCBuildConfiguration;
			buildSettings = {
				ASSETCATALOG_COMPILER_APPICON_NAME = AppIcon;
				ASSETCATALOG_COMPILER_GLOBAL_ACCENT_COLOR_NAME = AccentColor;
				CODE_SIGN_ENTITLEMENTS = "sound-maker/sound_maker.entitlements";
				CODE_SIGN_STYLE = Automatic;
				CURRENT_PROJECT_VERSION = 1;
				DEVELOPMENT_ASSET_PATHS = "";
				DEVELOPMENT_TEAM = 6FX5SAB99Z;
				ENABLE_HARDENED_RUNTIME = YES;
				"ENABLE_HARDENED_RUNTIME[sdk=macosx*]" = YES;
				ENABLE_PREVIEWS = YES;
				FRAMEWORK_SEARCH_PATHS = (
					"$(inherited)",
					"$(LOCAL_LIBRARY_DIR)/Frameworks",
				);
				GENERATE_INFOPLIST_FILE = YES;
				"INFOPLIST_KEY_UIApplicationSceneManifest_Generation[sdk=iphoneos*]" = YES;
				"INFOPLIST_KEY_UIApplicationSceneManifest_Generation[sdk=iphonesimulator*]" = YES;
				"INFOPLIST_KEY_UIApplicationSupportsIndirectInputEvents[sdk=iphoneos*]" = YES;
				"INFOPLIST_KEY_UIApplicationSupportsIndirectInputEvents[sdk=iphonesimulator*]" = YES;
				"INFOPLIST_KEY_UILaunchScreen_Generation[sdk=iphoneos*]" = YES;
				"INFOPLIST_KEY_UILaunchScreen_Generation[sdk=iphonesimulator*]" = YES;
				"INFOPLIST_KEY_UIStatusBarStyle[sdk=iphoneos*]" = UIStatusBarStyleDefault;
				"INFOPLIST_KEY_UIStatusBarStyle[sdk=iphonesimulator*]" = UIStatusBarStyleDefault;
				INFOPLIST_KEY_UISupportedInterfaceOrientations_iPad = "UIInterfaceOrientationPortrait UIInterfaceOrientationPortraitUpsideDown UIInterfaceOrientationLandscapeLeft UIInterfaceOrientationLandscapeRight";
				INFOPLIST_KEY_UISupportedInterfaceOrientations_iPhone = "UIInterfaceOrientationPortrait UIInterfaceOrientationLandscapeLeft UIInterfaceOrientationLandscapeRight";
				IPHONEOS_DEPLOYMENT_TARGET = 17.2;
				LD_RUNPATH_SEARCH_PATHS = "@executable_path/Frameworks";
				"LD_RUNPATH_SEARCH_PATHS[sdk=macosx*]" = "@executable_path/../Frameworks";
				MACOSX_DEPLOYMENT_TARGET = 14.2;
				MARKETING_VERSION = 1.0;
				OTHER_CODE_SIGN_FLAGS = "--deep";
				OTHER_LDFLAGS = "";
				PRODUCT_BUNDLE_IDENTIFIER = "jdnkusuma.sound-maker";
				PRODUCT_NAME = "$(TARGET_NAME)";
				SDKROOT = auto;
				SUPPORTED_PLATFORMS = "iphoneos iphonesimulator macosx";
				SWIFT_EMIT_LOC_STRINGS = YES;
				SWIFT_VERSION = 5.0;
				TARGETED_DEVICE_FAMILY = "1,2";
			};
			name = Release;
		};
/* End XCBuildConfiguration section */

/* Begin XCConfigurationList section */
		302C8E2F2B6E70A8002A2E8A /* Build configuration list for PBXProject "sound-maker" */ = {
			isa = XCConfigurationList;
			buildConfigurations = (
				302C8E412B6E70AA002A2E8A /* Debug */,
				302C8E422B6E70AA002A2E8A /* Release */,
			);
			defaultConfigurationIsVisible = 0;
			defaultConfigurationName = Release;
		};
		302C8E432B6E70AA002A2E8A /* Build configuration list for PBXNativeTarget "sound-maker" */ = {
			isa = XCConfigurationList;
			buildConfigurations = (
				302C8E442B6E70AA002A2E8A /* Debug */,
				302C8E452B6E70AA002A2E8A /* Release */,
			);
			defaultConfigurationIsVisible = 0;
			defaultConfigurationName = Release;
		};
/* End XCConfigurationList section */
	};
	rootObject = 302C8E2C2B6E70A8002A2E8A /* Project object */;
}
